
Microsoft Visual Studio Solution File, Format Version 12.00
# Visual Studio Version 17
VisualStudioVersion = 17.1.32421.90
MinimumVisualStudioVersion = 10.0.40219.1
Project("{2150E333-8FDC-42A3-9474-1A3956D46DE8}") = "Common", "Common", "{CF5A4E6E-3247-44C4-898A-34306830D53F}"
	ProjectSection(SolutionItems) = preProject
		.gitignore = .gitignore
	EndProjectSection
EndProject
Project("{9A19103F-16F7-4668-BE54-9A1E7A4F7556}") = "ApiCommon.Domain", "ApiCommon.Domain\ApiCommon.Domain.csproj", "{4CC12A4A-B888-4AD8-8245-7087A56A04CD}"
EndProject
Global
	GlobalSection(SolutionConfigurationPlatforms) = preSolution
		Debug|Any CPU = Debug|Any CPU
		Release|Any CPU = Release|Any CPU
	EndGlobalSection
	GlobalSection(ProjectConfigurationPlatforms) = postSolution
		{4CC12A4A-B888-4AD8-8245-7087A56A04CD}.Debug|Any CPU.ActiveCfg = Debug|Any CPU
		{4CC12A4A-B888-4AD8-8245-7087A56A04CD}.Debug|Any CPU.Build.0 = Debug|Any CPU
		{4CC12A4A-B888-4AD8-8245-7087A56A04CD}.Release|Any CPU.ActiveCfg = Release|Any CPU
		{4CC12A4A-B888-4AD8-8245-7087A56A04CD}.Release|Any CPU.Build.0 = Release|Any CPU
	EndGlobalSection
	GlobalSection(SolutionProperties) = preSolution
		HideSolutionNode = FALSE
	EndGlobalSection
	GlobalSection(ExtensibilityGlobals) = postSolution
		SolutionGuid = {B5536953-C8D9-4714-9E5A-CF750E88CE68}
	EndGlobalSection
EndGlobal
